lockfileVersion: '9.0'

settings:
  autoInstallPeers: true
  excludeLinksFromLockfile: false

importers:

  .:
    dependencies:
      globals:
        specifier: 16.0.0
        version: 16.0.0

packages:

  globals@16.0.0:
    resolution: {integrity: sha512-iInW14XItCXET01CQFqudPOWP2jYMl7T+QRQT+UNcR/iQncN/F0UNpgd76iFkBPgNQb4+X3LV9tLJYzwh+Gl3A==}
    engines: {node: '>=18'}

snapshots:

  globals@16.0.0: {}
